// !$*UTF8*$!
{
	archiveVersion = 1;
	classes = {
	};
	objectVersion = 46;
	objects = {

/* Begin PBXBuildFile section */
		A131F5151AF8C0350039B965 /* AppDelegate.swift in Sources */ = {isa = PBXBuildFile; fileRef = A131F5141AF8C0350039B965 /* AppDelegate.swift */; };
		A131F5171AF8C0350039B965 /* ViewController.swift in Sources */ = {isa = PBXBuildFile; fileRef = A131F5161AF8C0350039B965 /* ViewController.swift */; };
		A131F51A1AF8C0350039B965 /* Main.storyboard in Resources */ = {isa = PBXBuildFile; fileRef = A131F5181AF8C0350039B965 /* Main.storyboard */; };
		A131F51C1AF8C0350039B965 /* Images.xcassets in Resources */ = {isa = PBXBuildFile; fileRef = A131F51B1AF8C0350039B965 /* Images.xcassets */; };
		A131F51F1AF8C0350039B965 /* LaunchScreen.xib in Resources */ = {isa = PBXBuildFile; fileRef = A131F51D1AF8C0350039B965 /* LaunchScreen.xib */; };
		A131F52B1AF8C0350039B965 /* iOS8PushTests.swift in Sources */ = {isa = PBXBuildFile; fileRef = A131F52A1AF8C0350039B965 /* iOS8PushTests.swift */; };
/* End PBXBuildFile section */

/* Begin PBXContainerItemProxy section */
		A131F5251AF8C0350039B965 /* PBXContainerItemProxy */ = {
			isa = PBXContainerItemProxy;
			containerPortal = A131F5071AF8C0350039B965 /* Project object */;
			proxyType = 1;
			remoteGlobalIDString = A131F50E1AF8C0350039B965;
			remoteInfo = iOS8Push;
		};
/* End PBXContainerItemProxy section */

/* Begin PBXFileReference section */
		A131F50F1AF8C0350039B965 /* iOS8Push.app */ = {isa = PBXFileReference; explicitFileType = wrapper.application; includeInIndex = 0; path = iOS8Push.app; sourceTree = BUILT_PRODUCTS_DIR; };
		A131F5131AF8C0350039B965 /* Info.plist */ = {isa = PBXFileReference; lastKnownFileType = text.plist.xml; path = Info.plist; sourceTree = "<group>"; };
		A131F5141AF8C0350039B965 /* AppDelegate.swift */ = {isa = PBXFileReference; lastKnownFileType = sourcecode.swift; path = AppDelegate.swift; sourceTree = "<group>"; };
		A131F5161AF8C0350039B965 /* ViewController.swift */ = {isa = PBXFileReference; lastKnownFileType = sourcecode.swift; path = ViewController.swift; sourceTree = "<group>"; };
		A131F5191AF8C0350039B965 /* Base */ = {isa = PBXFileReference; lastKnownFileType = file.storyboard; name = Base; path = Base.lproj/Main.storyboard; sourceTree = "<group>"; };
		A131F51B1AF8C0350039B965 /* Images.xcassets */ = {isa = PBXFileReference; lastKnownFileType = folder.assetcatalog; path = Images.xcassets; sourceTree = "<group>"; };
		A131F51E1AF8C0350039B965 /* Base */ = {isa = PBXFileReference; lastKnownFileType = file.xib; name = Base; path = Base.lproj/LaunchScreen.xib; sourceTree = "<group>"; };
		A131F5241AF8C0350039B965 /* iOS8PushTests.xctest */ = {isa = PBXFileReference; explicitFileType = wrapper.cfbundle; includeInIndex = 0; path = iOS8PushTests.xctest; sourceTree = BUILT_PRODUCTS_DIR; };
		A131F5291AF8C0350039B965 /* Info.plist */ = {isa = PBXFileReference; lastKnownFileType = text.plist.xml; path = Info.plist; sourceTree = "<group>"; };
		A131F52A1AF8C0350039B965 /* iOS8PushTests.swift */ = {isa = PBXFileReference; lastKnownFileType = sourcecode.swift; path = iOS8PushTests.swift; sourceTree = "<group>"; };
/* End PBXFileReference section */

/* Begin PBXFrameworksBuildPhase section */
		A131F50C1AF8C0350039B965 /* Frameworks */ = {
			isa = PBXFrameworksBuildPhase;
			buildActionMask = 2147483647;
			files = (
			);
			runOnlyForDeploymentPostprocessing = 0;
		};
		A131F5211AF8C0350039B965 /* Frameworks */ = {
			isa = PBXFrameworksBuildPhase;
			buildActionMask = 2147483647;
			files = (
			);
			runOnlyForDeploymentPostprocessing = 0;
		};
/* End PBXFrameworksBuildPhase section */

/* Begin PBXGroup section */
		A131F5061AF8C0350039B965 = {
			isa = PBXGroup;
			children = (
				A131F5111AF8C0350039B965 /* iOS8Push */,
				A131F5271AF8C0350039B965 /* iOS8PushTests */,
				A131F5101AF8C0350039B965 /* Products */,
			);
			sourceTree = "<group>";
		};
		A131F5101AF8C0350039B965 /* Products */ = {
			isa = PBXGroup;
			children = (
				A131F50F1AF8C0350039B965 /* iOS8Push.app */,
				A131F5241AF8C0350039B965 /* iOS8PushTests.xctest */,
			);
			name = Products;
			sourceTree = "<group>";
		};
		A131F5111AF8C0350039B965 /* iOS8Push */ = {
			isa = PBXGroup;
			children = (
				A131F5141AF8C0350039B965 /* AppDelegate.swift */,
				A131F5161AF8C0350039B965 /* ViewController.swift */,
				A131F5181AF8C0350039B965 /* Main.storyboard */,
				A131F51B1AF8C0350039B965 /* Images.xcassets */,
				A131F51D1AF8C0350039B965 /* LaunchScreen.xib */,
				A131F5121AF8C0350039B965 /* Supporting Files */,
			);
			path = iOS8Push;
			sourceTree = "<group>";
		};
		A131F5121AF8C0350039B965 /* Supporting Files */ = {
			isa = PBXGroup;
			children = (
				A131F5131AF8C0350039B965 /* Info.plist */,
			);
			name = "Supporting Files";
			sourceTree = "<group>";
		};
		A131F5271AF8C0350039B965 /* iOS8PushTests */ = {
			isa = PBXGroup;
			children = (
				A131F52A1AF8C0350039B965 /* iOS8PushTests.swift */,
				A131F5281AF8C0350039B965 /* Supporting Files */,
			);
			path = iOS8PushTests;
			sourceTree = "<group>";
		};
		A131F5281AF8C0350039B965 /* Supporting Files */ = {
			isa = PBXGroup;
			children = (
				A131F5291AF8C0350039B965 /* Info.plist */,
			);
			name = "Supporting Files";
			sourceTree = "<group>";
		};
/* End PBXGroup section */

/* Begin PBXNativeTarget section */
		A131F50E1AF8C0350039B965 /* iOS8Push */ = {
			isa = PBXNativeTarget;
			buildConfigurationList = A131F52E1AF8C0350039B965 /* Build configuration list for PBXNativeTarget "iOS8Push" */;
			buildPhases = (
				A131F50B1AF8C0350039B965 /* Sources */,
				A131F50C1AF8C0350039B965 /* Frameworks */,
				A131F50D1AF8C0350039B965 /* Resources */,
			);
			buildRules = (
			);
			dependencies = (
			);
			name = iOS8Push;
			productName = iOS8Push;
			productReference = A131F50F1AF8C0350039B965 /* iOS8Push.app */;
			productType = "com.apple.product-type.application";
		};
		A131F5231AF8C0350039B965 /* iOS8PushTests */ = {
			isa = PBXNativeTarget;
			buildConfigurationList = A131F5311AF8C0350039B965 /* Build configuration list for PBXNativeTarget "iOS8PushTests" */;
			buildPhases = (
				A131F5201AF8C0350039B965 /* Sources */,
				A131F5211AF8C0350039B965 /* Frameworks */,
				A131F5221AF8C0350039B965 /* Resources */,
			);
			buildRules = (
			);
			dependencies = (
				A131F5261AF8C0350039B965 /* PBXTargetDependency */,
			);
			name = iOS8PushTests;
			productName = iOS8PushTests;
			productReference = A131F5241AF8C0350039B965 /* iOS8PushTests.xctest */;
			productType = "com.apple.product-type.bundle.unit-test";
		};
/* End PBXNativeTarget section */

/* Begin PBXProject section */
		A131F5071AF8C0350039B965 /* Project object */ = {
			isa = PBXProject;
			attributes = {
				LastUpgradeCheck = 0630;
				ORGANIZATIONNAME = "李亚坤";
				TargetAttributes = {
					A131F50E1AF8C0350039B965 = {
						CreatedOnToolsVersion = 6.3.1;
					};
					A131F5231AF8C0350039B965 = {
						CreatedOnToolsVersion = 6.3.1;
						TestTargetID = A131F50E1AF8C0350039B965;
					};
				};
			};
			buildConfigurationList = A131F50A1AF8C0350039B965 /* Build configuration list for PBXProject "iOS8Push" */;
			compatibilityVersion = "Xcode 3.2";
			developmentRegion = English;
			hasScannedForEncodings = 0;
			knownRegions = (
				en,
				Base,
			);
			mainGroup = A131F5061AF8C0350039B965;
			productRefGroup = A131F5101AF8C0350039B965 /* Products */;
			projectDirPath = "";
			projectRoot = "";
			targets = (
				A131F50E1AF8C0350039B965 /* iOS8Push */,
				A131F5231AF8C0350039B965 /* iOS8PushTests */,
			);
		};
/* End PBXProject section */

/* Begin PBXResourcesBuildPhase section */
		A131F50D1AF8C0350039B965 /* Resources */ = {
			isa = PBXResourcesBuildPhase;
			buildActionMask = 2147483647;
			files = (
				A131F51A1AF8C0350039B965 /* Main.storyboard in Resources */,
				A131F51F1AF8C0350039B965 /* LaunchScreen.xib in Resources */,
				A131F51C1AF8C0350039B965 /* Images.xcassets in Resources */,
			);
			runOnlyForDeploymentPostprocessing = 0;
		};
		A131F5221AF8C0350039B965 /* Resources */ = {
			isa = PBXResourcesBuildPhase;
			buildActionMask = 2147483647;
			files = (
			);
			runOnlyForDeploymentPostprocessing = 0;
		};
/* End PBXResourcesBuildPhase section */

/* Begin PBXSourcesBuildPhase section */
		A131F50B1AF8C0350039B965 /* Sources */ = {
			isa = PBXSourcesBuildPhase;
			buildActionMask = 2147483647;
			files = (
				A131F5171AF8C0350039B965 /* ViewController.swift in Sources */,
				A131F5151AF8C0350039B965 /* AppDelegate.swift in Sources */,
			);
			runOnlyForDeploymentPostprocessing = 0;
		};
		A131F5201AF8C0350039B965 /* Sources */ = {
			isa = PBXSourcesBuildPhase;
			buildActionMask = 2147483647;
			files = (
				A131F52B1AF8C0350039B965 /* iOS8PushTests.swift in Sources */,
			);
			runOnlyForDeploymentPostprocessing = 0;
		};
/* End PBXSourcesBuildPhase section */

/* Begin PBXTargetDependency section */
		A131F5261AF8C0350039B965 /* PBXTargetDependency */ = {
			isa = PBXTargetDependency;
			target = A131F50E1AF8C0350039B965 /* iOS8Push */;
			targetProxy = A131F5251AF8C0350039B965 /* PBXContainerItemProxy */;
		};
/* End PBXTargetDependency section */

/* Begin PBXVariantGroup section */
		A131F5181AF8C0350039B965 /* Main.storyboard */ = {
			isa = PBXVariantGroup;
			children = (
				A131F5191AF8C0350039B965 /* Base */,
			);
			name = Main.storyboard;
			sourceTree = "<group>";
		};
		A131F51D1AF8C0350039B965 /* LaunchScreen.xib */ = {
			isa = PBXVariantGroup;
			children = (
				A131F51E1AF8C0350039B965 /* Base */,
			);
			name = LaunchScreen.xib;
			sourceTree = "<group>";
		};
/* End PBXVariantGroup section */

/* Begin XCBuildConfiguration section */
		A131F52C1AF8C0350039B965 /* Debug */ = {
			isa = XCBuildConfiguration;
			buildSettings = {
				ALWAYS_SEARCH_USER_PATHS = NO;
				CLANG_CXX_LANGUAGE_STANDARD = "gnu++0x";
				CLANG_CXX_LIBRARY = "libc++";
				CLANG_ENABLE_MODULES = YES;
				CLANG_ENABLE_OBJC_ARC = YES;
				CLANG_WARN_BOOL_CONVERSION = YES;
				CLANG_WARN_CONSTANT_CONVERSION = YES;
				CLANG_WARN_DIRECT_OBJC_ISA_USAGE = YES_ERROR;
				CLANG_WARN_EMPTY_BODY = YES;
				CLANG_WARN_ENUM_CONVERSION = YES;
				CLANG_WARN_INT_CONVERSION = YES;
				CLANG_WARN_OBJC_ROOT_CLASS = YES_ERROR;
				CLANG_WARN_UNREACHABLE_CODE = YES;
				CLANG_WARN__DUPLICATE_METHOD_MATCH = YES;
				"CODE_SIGN_IDENTITY[sdk=iphoneos*]" = "iPhone Developer";
				COPY_PHASE_STRIP = NO;
				DEBUG_INFORMATION_FORMAT = "dwarf-with-dsym";
				ENABLE_STRICT_OBJC_MSGSEND = YES;
				GCC_C_LANGUAGE_STANDARD = gnu99;
				GCC_DYNAMIC_NO_PIC = NO;
				GCC_NO_COMMON_BLOCKS = YES;
				GCC_OPTIMIZATION_LEVEL = 0;
				GCC_PREPROCESSOR_DEFINITIONS = (
					"DEBUG=1",
					"$(inherited)",
				);
				GCC_SYMBOLS_PRIVATE_EXTERN = NO;
				GCC_WARN_64_TO_32_BIT_CONVERSION = YES;
				GCC_WARN_ABOUT_RETURN_TYPE = YES_ERROR;
				GCC_WARN_UNDECLARED_SELECTOR = YES;
				GCC_WARN_UNINITIALIZED_AUTOS = YES_AGGRESSIVE;
				GCC_WARN_UNUSED_FUNCTION = YES;
				GCC_WARN_UNUSED_VARIABLE = YES;
				IPHONEOS_DEPLOYMENT_TARGET = 8.3;
				MTL_ENABLE_DEBUG_INFO = YES;
				ONLY_ACTIVE_ARCH = YES;
				SDKROOT = iphoneos;
				SWIFT_OPTIMIZATION_LEVEL = "-Onone";
			};
			name = Debug;
		};
		A131F52D1AF8C0350039B965 /* Release */ = {
			isa = XCBuildConfiguration;
			buildSettings = {
				ALWAYS_SEARCH_USER_PATHS = NO;
				CLANG_CXX_LANGUAGE_STANDARD = "gnu++0x";
				CLANG_CXX_LIBRARY = "libc++";
				CLANG_ENABLE_MODULES = YES;
				CLANG_ENABLE_OBJC_ARC = YES;
				CLANG_WARN_BOOL_CONVERSION = YES;
				CLANG_WARN_CONSTANT_CONVERSION = YES;
				CLANG_WARN_DIRECT_OBJC_ISA_USAGE = YES_ERROR;
				CLANG_WARN_EMPTY_BODY = YES;
				CLANG_WARN_ENUM_CONVERSION = YES;
				CLANG_WARN_INT_CONVERSION = YES;
				CLANG_WARN_OBJC_ROOT_CLASS = YES_ERROR;
				CLANG_WARN_UNREACHABLE_CODE = YES;
				CLANG_WARN__DUPLICATE_METHOD_MATCH = YES;
				"CODE_SIGN_IDENTITY[sdk=iphoneos*]" = "iPhone Developer";
				COPY_PHASE_STRIP = NO;
				DEBUG_INFORMATION_FORMAT = "dwarf-with-dsym";
				ENABLE_NS_ASSERTIONS = NO;
				ENABLE_STRICT_OBJC_MSGSEND = YES;
				GCC_C_LANGUAGE_STANDARD = gnu99;
				GCC_NO_COMMON_BLOCKS = YES;
				GCC_WARN_64_TO_32_BIT_CONVERSION = YES;
				GCC_WARN_ABOUT_RETURN_TYPE = YES_ERROR;
				GCC_WARN_UNDECLARED_SELECTOR = YES;
				GCC_WARN_UNINITIALIZED_AUTOS = YES_AGGRESSIVE;
				GCC_WARN_UNUSED_FUNCTION = YES;
				GCC_WARN_UNUSED_VARIABLE = YES;
				IPHONEOS_DEPLOYMENT_TARGET = 8.3;
				MTL_ENABLE_DEBUG_INFO = NO;
				SDKROOT = iphoneos;
				VALIDATE_PRODUCT = YES;
			};
			name = Release;
		};
		A131F52F1AF8C0350039B965 /* Debug */ = {
			isa = XCBuildConfiguration;
			buildSettings = {
				ASSETCATALOG_COMPILER_APPICON_NAME = AppIcon;
				INFOPLIST_FILE = iOS8Push/Info.plist;
				LD_RUNPATH_SEARCH_PATHS = "$(inherited) @executable_path/Frameworks";
				PRODUCT_NAME = "$(TARGET_NAME)";
			};
			name = Debug;
		};
		A131F5301AF8C0350039B965 /* Release */ = {
			isa = XCBuildConfiguration;
			buildSettings = {
				ASSETCATALOG_COMPILER_APPICON_NAME = AppIcon;
				INFOPLIST_FILE = iOS8Push/Info.plist;
				LD_RUNPATH_SEARCH_PATHS = "$(inherited) @executable_path/Frameworks";
				PRODUCT_NAME = "$(TARGET_NAME)";
			};
			name = Release;
		};
		A131F5321AF8C0350039B965 /* Debug */ = {
			isa = XCBuildConfiguration;
			buildSettings = {
				BUNDLE_LOADER = "$(TEST_HOST)";
				FRAMEWORK_SEARCH_PATHS = (
					"$(SDKROOT)/Developer/Library/Frameworks",
					"$(inherited)",
				);
				GCC_PREPROCESSOR_DEFINITIONS = (
					"DEBUG=1",
					"$(inherited)",
				);
				INFOPLIST_FILE = iOS8PushTests/Info.plist;
				LD_RUNPATH_SEARCH_PATHS = "$(inherited) @executable_path/Frameworks @loader_path/Frameworks";
				PRODUCT_NAME = "$(TARGET_NAME)";
				TEST_HOST = "$(BUILT_PRODUCTS_DIR)/iOS8Push.app/iOS8Push";
			};
			name = Debug;
		};
		A131F5331AF8C0350039B965 /* Release */ = {
			isa = XCBuildConfiguration;
			buildSettings = {
				BUNDLE_LOADER = "$(TEST_HOST)";
				FRAMEWORK_SEARCH_PATHS = (
					"$(SDKROOT)/Developer/Library/Frameworks",
					"$(inherited)",
				);
				INFOPLIST_FILE = iOS8PushTests/Info.plist;
				LD_RUNPATH_SEARCH_PATHS = "$(inherited) @executable_path/Frameworks @loader_path/Frameworks";
				PRODUCT_NAME = "$(TARGET_NAME)";
				TEST_HOST = "$(BUILT_PRODUCTS_DIR)/iOS8Push.app/iOS8Push";
			};
			name = Release;
		};
/* End XCBuildConfiguration section */

/* Begin XCConfigurationList section */
		A131F50A1AF8C0350039B965 /* Build configuration list for PBXProject "iOS8Push" */ = {
			isa = XCConfigurationList;
			buildConfigurations = (
				A131F52C1AF8C0350039B965 /* Debug */,
				A131F52D1AF8C0350039B965 /* Release */,
			);
			defaultConfigurationIsVisible = 0;
			defaultConfigurationName = Release;
		};
		A131F52E1AF8C0350039B965 /* Build configuration list for PBXNativeTarget "iOS8Push" */ = {
			isa = XCConfigurationList;
			buildConfigurations = (
				A131F52F1AF8C0350039B965 /* Debug */,
				A131F5301AF8C0350039B965 /* Release */,
			);
			defaultConfigurationIsVisible = 0;
		};
		A131F5311AF8C0350039B965 /* Build configuration list for PBXNativeTarget "iOS8PushTests" */ = {
			isa = XCConfigurationList;
			buildConfigurations = (
				A131F5321AF8C0350039B965 /* Debug */,
				A131F5331AF8C0350039B965 /* Release */,
			);
			defaultConfigurationIsVisible = 0;
		};
/* End XCConfigurationList section */
	};
	rootObject = A131F5071AF8C0350039B965 /* Project object */;
}
